
Microsoft Visual Studio Solution File, Format Version 12.00
# Visual Studio Version 16
VisualStudioVersion = 16.0.30611.23
MinimumVisualStudioVersion = 10.0.40219.1
Project("{2150E333-8FDC-42A3-9474-1A3956D46DE8}") = "CleanArch.Application", "CleanArch.Application", "{63ABD018-C72B-45FA-A5DD-107929A85AAD}"
EndProject
Project("{2150E333-8FDC-42A3-9474-1A3956D46DE8}") = "CleanArch.Domain", "CleanArch.Domain", "{8BE819D7-2E27-4D0C-B6BE-89111DBB1173}"
EndProject
Project("{2150E333-8FDC-42A3-9474-1A3956D46DE8}") = "CleanArch.Infra.Data", "CleanArch.Infra.Data", "{B82BC68F-FAB7-4ADD-9E34-087B990060F8}"
EndProject
Project("{2150E333-8FDC-42A3-9474-1A3956D46DE8}") = "CleanArch.Infra.IoC", "CleanArch.Infra.IoC", "{98DDDEA1-FACA-4993-81A0-CC3950C30625}"
EndProject
Project("{2150E333-8FDC-42A3-9474-1A3956D46DE8}") = "CleanArch.UI.Mvc", "CleanArch.UI.Mvc", "{4FFF11B0-7BCF-45DF-95E2-39F690C86BB1}"
EndProject
Project("{FAE04EC0-301F-11D3-BF4B-00C04F79EFBC}") = "CleanArch.Mvc", "CleanArch.Mvc\CleanArch.Mvc.csproj", "{A860CA2B-E784-4691-84EE-67FAB89DC38A}"
EndProject
Global
	GlobalSection(SolutionConfigurationPlatforms) = preSolution
		Debug|Any CPU = Debug|Any CPU
		Release|Any CPU = Release|Any CPU
	EndGlobalSection
	GlobalSection(ProjectConfigurationPlatforms) = postSolution
		{A860CA2B-E784-4691-84EE-67FAB89DC38A}.Debug|Any CPU.ActiveCfg = Debug|Any CPU
		{A860CA2B-E784-4691-84EE-67FAB89DC38A}.Debug|Any CPU.Build.0 = Debug|Any CPU
		{A860CA2B-E784-4691-84EE-67FAB89DC38A}.Release|Any CPU.ActiveCfg = Release|Any CPU
		{A860CA2B-E784-4691-84EE-67FAB89DC38A}.Release|Any CPU.Build.0 = Release|Any CPU
	EndGlobalSection
	GlobalSection(SolutionProperties) = preSolution
		HideSolutionNode = FALSE
	EndGlobalSection
	GlobalSection(NestedProjects) = preSolution
		{A860CA2B-E784-4691-84EE-67FAB89DC38A} = {4FFF11B0-7BCF-45DF-95E2-39F690C86BB1}
	EndGlobalSection
	GlobalSection(ExtensibilityGlobals) = postSolution
		SolutionGuid = {6BB2847A-EA14-46F2-AA0B-0D9586392D90}
	EndGlobalSection
EndGlobal
